{
  "name": "Alberto",
  "lockfileVersion": 3,
  "requires": true,
  "packages": {
    "": {
      "dependencies": {
        "shufflejs": "^6.1.0"
      }
    },
    "node_modules/array-parallel": {
      "version": "0.1.3",
      "resolved": "https://registry.npmjs.org/array-parallel/-/array-parallel-0.1.3.tgz",
      "integrity": "sha512-TDPTwSWW5E4oiFiKmz6RGJ/a80Y91GuLgUYuLd49+XBS75tYo8PNgaT2K/OxuQYqkoI852MDGBorg9OcUSTQ8w=="
    },
    "node_modules/shufflejs": {
      "version": "6.1.0",
      "resolved": "https://registry.npmjs.org/shufflejs/-/shufflejs-6.1.0.tgz",
      "integrity": "sha512-LZGHFDxGPI7VwMaBqbe/mtKmZTAJFu8+/pCwLdgxo0UHCA3gsrZ9a+aaCd2zZ4GhilRXjDWy/MSQuQlDfpCUgg==",
      "dependencies": {
        "array-parallel": "^0.1.3",
        "tiny-emitter": "^2.1.0"
      }
    },
    "node_modules/tiny-emitter": {
      "version": "2.1.0",
      "resolved": "https://registry.npmjs.org/tiny-emitter/-/tiny-emitter-2.1.0.tgz",
      "integrity": "sha512-NB6Dk1A9xgQPMoGqC5CVXn123gWyte215ONT5Pp5a0yt4nlEoO1ZWeCwpncaekPHXO60i47ihFnZPiRPjRMq4Q=="
    }
  }
}
